{
  "nodes": {
    "nixpkgs": {
      "locked": {
        "lastModified": 1676232992,
        "narHash": "sha256-eAVVxlOOZM7TrJG8te76LRivF8TZQjBgigDSyTwJhVA=",
        "owner": "NixOS",
        "repo": "nixpkgs",
        "rev": "af57670e59fcc9b7b219ef38affc1c7820c44100",
        "type": "github"
      },
      "original": {
        "owner": "NixOS",
        "repo": "nixpkgs",
        "type": "github"
      }
    },
    "root": {
      "inputs": {
        "nixpkgs": "nixpkgs",
        "utils": "utils"
      }
    },
    "utils": {
      "locked": {
        "lastModified": 1667395993,
        "narHash": "sha256-nuEHfE/LcWyuSWnS8t12N1wc105Qtau+/OdUAjtQ0rA=",
        "owner": "numtide",
        "repo": "flake-utils",
        "rev": "5aed5285a952e0b949eb3ba02c12fa4fcfef535f",
        "type": "github"
      },
      "original": {
        "owner": "numtide",
        "repo": "flake-utils",
        "type": "github"
      }
    }
  },
  "root": "root",
  "version": 7
}
